
Microsoft Visual Studio Solution File, Format Version 12.00
# Visual Studio 2012
Project("{FAE04EC0-301F-11D3-BF4B-00C04F79EFBC}") = "RabbitMQHelloWorld", "RabbitMQHelloWorld\RabbitMQHelloWorld.csproj", "{8C014AE8-2F5B-4E2C-B10E-67535296130A}"
EndProject
Project("{FAE04EC0-301F-11D3-BF4B-00C04F79EFBC}") = "Publisher", "Publisher\Publisher.csproj", "{01DF2543-BCD1-49D5-B6E1-1DA9CF4DB765}"
EndProject
Project("{FAE04EC0-301F-11D3-BF4B-00C04F79EFBC}") = "Subsciber", "Subsciber\Subsciber.csproj", "{377F3901-D93A-4AAE-B3CB-324949663CAB}"
EndProject
Project("{FAE04EC0-301F-11D3-BF4B-00C04F79EFBC}") = "Producer", "Producer\Producer.csproj", "{B11E2605-6188-4E4B-8221-8E013E831385}"
EndProject
Project("{FAE04EC0-301F-11D3-BF4B-00C04F79EFBC}") = "Consumer", "Consumer\Consumer.csproj", "{B8A469A9-D51F-434F-AF0D-FA5203166146}"
EndProject
Project("{FAE04EC0-301F-11D3-BF4B-00C04F79EFBC}") = "RabbitMonitoring", "RabbitMonitoring\RabbitMonitoring.csproj", "{A4D3FB1D-1CCB-4BE6-BA3B-FFE24A4EA74E}"
EndProject
Project("{FAE04EC0-301F-11D3-BF4B-00C04F79EFBC}") = "RabbitMonitoringCreateCounters", "RabbitMonitoringCreateCounters\RabbitMonitoringCreateCounters.csproj", "{E061EE13-E222-436A-83F8-D1E913112B5D}"
EndProject
Project("{FAE04EC0-301F-11D3-BF4B-00C04F79EFBC}") = "RabbitMonitoring.Tests", "RabbitMonitoring.Tests\RabbitMonitoring.Tests.csproj", "{44C81E07-B2A2-4278-8F59-1B39C043896E}"
EndProject
Global
	GlobalSection(SolutionConfigurationPlatforms) = preSolution
		Debug|Any CPU = Debug|Any CPU
		Release|Any CPU = Release|Any CPU
	EndGlobalSection
	GlobalSection(ProjectConfigurationPlatforms) = postSolution
		{8C014AE8-2F5B-4E2C-B10E-67535296130A}.Debug|Any CPU.ActiveCfg = Debug|Any CPU
		{8C014AE8-2F5B-4E2C-B10E-67535296130A}.Debug|Any CPU.Build.0 = Debug|Any CPU
		{8C014AE8-2F5B-4E2C-B10E-67535296130A}.Release|Any CPU.ActiveCfg = Release|Any CPU
		{8C014AE8-2F5B-4E2C-B10E-67535296130A}.Release|Any CPU.Build.0 = Release|Any CPU
		{01DF2543-BCD1-49D5-B6E1-1DA9CF4DB765}.Debug|Any CPU.ActiveCfg = Debug|Any CPU
		{01DF2543-BCD1-49D5-B6E1-1DA9CF4DB765}.Debug|Any CPU.Build.0 = Debug|Any CPU
		{01DF2543-BCD1-49D5-B6E1-1DA9CF4DB765}.Release|Any CPU.ActiveCfg = Release|Any CPU
		{01DF2543-BCD1-49D5-B6E1-1DA9CF4DB765}.Release|Any CPU.Build.0 = Release|Any CPU
		{377F3901-D93A-4AAE-B3CB-324949663CAB}.Debug|Any CPU.ActiveCfg = Debug|Any CPU
		{377F3901-D93A-4AAE-B3CB-324949663CAB}.Debug|Any CPU.Build.0 = Debug|Any CPU
		{377F3901-D93A-4AAE-B3CB-324949663CAB}.Release|Any CPU.ActiveCfg = Release|Any CPU
		{377F3901-D93A-4AAE-B3CB-324949663CAB}.Release|Any CPU.Build.0 = Release|Any CPU
		{B11E2605-6188-4E4B-8221-8E013E831385}.Debug|Any CPU.ActiveCfg = Debug|Any CPU
		{B11E2605-6188-4E4B-8221-8E013E831385}.Debug|Any CPU.Build.0 = Debug|Any CPU
		{B11E2605-6188-4E4B-8221-8E013E831385}.Release|Any CPU.ActiveCfg = Release|Any CPU
		{B11E2605-6188-4E4B-8221-8E013E831385}.Release|Any CPU.Build.0 = Release|Any CPU
		{B8A469A9-D51F-434F-AF0D-FA5203166146}.Debug|Any CPU.ActiveCfg = Debug|Any CPU
		{B8A469A9-D51F-434F-AF0D-FA5203166146}.Debug|Any CPU.Build.0 = Debug|Any CPU
		{B8A469A9-D51F-434F-AF0D-FA5203166146}.Release|Any CPU.ActiveCfg = Release|Any CPU
		{B8A469A9-D51F-434F-AF0D-FA5203166146}.Release|Any CPU.Build.0 = Release|Any CPU
		{A4D3FB1D-1CCB-4BE6-BA3B-FFE24A4EA74E}.Debug|Any CPU.ActiveCfg = Debug|Any CPU
		{A4D3FB1D-1CCB-4BE6-BA3B-FFE24A4EA74E}.Debug|Any CPU.Build.0 = Debug|Any CPU
		{A4D3FB1D-1CCB-4BE6-BA3B-FFE24A4EA74E}.Release|Any CPU.ActiveCfg = Release|Any CPU
		{A4D3FB1D-1CCB-4BE6-BA3B-FFE24A4EA74E}.Release|Any CPU.Build.0 = Release|Any CPU
		{E061EE13-E222-436A-83F8-D1E913112B5D}.Debug|Any CPU.ActiveCfg = Debug|Any CPU
		{E061EE13-E222-436A-83F8-D1E913112B5D}.Debug|Any CPU.Build.0 = Debug|Any CPU
		{E061EE13-E222-436A-83F8-D1E913112B5D}.Release|Any CPU.ActiveCfg = Release|Any CPU
		{E061EE13-E222-436A-83F8-D1E913112B5D}.Release|Any CPU.Build.0 = Release|Any CPU
		{44C81E07-B2A2-4278-8F59-1B39C043896E}.Debug|Any CPU.ActiveCfg = Debug|Any CPU
		{44C81E07-B2A2-4278-8F59-1B39C043896E}.Debug|Any CPU.Build.0 = Debug|Any CPU
		{44C81E07-B2A2-4278-8F59-1B39C043896E}.Release|Any CPU.ActiveCfg = Release|Any CPU
		{44C81E07-B2A2-4278-8F59-1B39C043896E}.Release|Any CPU.Build.0 = Release|Any CPU
	EndGlobalSection
	GlobalSection(SolutionProperties) = preSolution
		HideSolutionNode = FALSE
	EndGlobalSection
EndGlobal
